
Microsoft Visual Studio Solution File, Format Version 12.00
# Visual Studio 15
VisualStudioVersion = 15.0.28307.136
MinimumVisualStudioVersion = 10.0.40219.1
Project("{FAE04EC0-301F-11D3-BF4B-00C04F79EFBC}") = "DotNetCoreExample", "DotNetCoreExample\DotNetCoreExample.csproj", "{BCC8BA08-C405-4F73-B01A-15D182285784}"
EndProject
Project("{FAE04EC0-301F-11D3-BF4B-00C04F79EFBC}") = "DotNetCoreExample.Tests", "DotNetCoreExample.Tests\DotNetCoreExample.Tests.csproj", "{A0D9923C-9787-4037-8825-664FFB44E3F2}"
EndProject
Global
	GlobalSection(SolutionConfigurationPlatforms) = preSolution
		Debug|Any CPU = Debug|Any CPU
		Release|Any CPU = Release|Any CPU
	EndGlobalSection
	GlobalSection(ProjectConfigurationPlatforms) = postSolution
		{BCC8BA08-C405-4F73-B01A-15D182285784}.Debug|Any CPU.ActiveCfg = Debug|Any CPU
		{BCC8BA08-C405-4F73-B01A-15D182285784}.Debug|Any CPU.Build.0 = Debug|Any CPU
		{BCC8BA08-C405-4F73-B01A-15D182285784}.Release|Any CPU.ActiveCfg = Release|Any CPU
		{BCC8BA08-C405-4F73-B01A-15D182285784}.Release|Any CPU.Build.0 = Release|Any CPU
		{A0D9923C-9787-4037-8825-664FFB44E3F2}.Debug|Any CPU.ActiveCfg = Debug|Any CPU
		{A0D9923C-9787-4037-8825-664FFB44E3F2}.Debug|Any CPU.Build.0 = Debug|Any CPU
		{A0D9923C-9787-4037-8825-664FFB44E3F2}.Release|Any CPU.ActiveCfg = Release|Any CPU
		{A0D9923C-9787-4037-8825-664FFB44E3F2}.Release|Any CPU.Build.0 = Release|Any CPU
	EndGlobalSection
	GlobalSection(SolutionProperties) = preSolution
		HideSolutionNode = FALSE
	EndGlobalSection
	GlobalSection(ExtensibilityGlobals) = postSolution
		SolutionGuid = {2E94C875-7112-42DD-9ECC-38EB26897F5D}
	EndGlobalSection
EndGlobal
